
Microsoft Visual Studio Solution File, Format Version 12.00
# Visual Studio Version 17
VisualStudioVersion = 17.0.32002.185
MinimumVisualStudioVersion = 10.0.40219.1
Project("{FAE04EC0-301F-11D3-BF4B-00C04F79EFBC}") = "LonelyInteger", "LonelyInteger\LonelyInteger.csproj", "{B0160ECD-B5B0-48B6-91E5-115997A68475}"
EndProject
Global
	GlobalSection(SolutionConfigurationPlatforms) = preSolution
		Debug|Any CPU = Debug|Any CPU
		Release|Any CPU = Release|Any CPU
	EndGlobalSection
	GlobalSection(ProjectConfigurationPlatforms) = postSolution
		{B0160ECD-B5B0-48B6-91E5-115997A68475}.Debug|Any CPU.ActiveCfg = Debug|Any CPU
		{B0160ECD-B5B0-48B6-91E5-115997A68475}.Debug|Any CPU.Build.0 = Debug|Any CPU
		{B0160ECD-B5B0-48B6-91E5-115997A68475}.Release|Any CPU.ActiveCfg = Release|Any CPU
		{B0160ECD-B5B0-48B6-91E5-115997A68475}.Release|Any CPU.Build.0 = Release|Any CPU
	EndGlobalSection
	GlobalSection(SolutionProperties) = preSolution
		HideSolutionNode = FALSE
	EndGlobalSection
	GlobalSection(ExtensibilityGlobals) = postSolution
		SolutionGuid = {7D3BC395-85E6-4120-B3B5-A1B5367054A0}
	EndGlobalSection
EndGlobal
