
Microsoft Visual Studio Solution File, Format Version 12.00
# Visual Studio Version 17
VisualStudioVersion = 17.0.32002.185
MinimumVisualStudioVersion = 10.0.40219.1
Project("{FAE04EC0-301F-11D3-BF4B-00C04F79EFBC}") = "CountingSort1", "CountingSort1\CountingSort1.csproj", "{65783802-41E3-4F4B-ACF0-B8DEB0D96F5B}"
EndProject
Global
	GlobalSection(SolutionConfigurationPlatforms) = preSolution
		Debug|Any CPU = Debug|Any CPU
		Release|Any CPU = Release|Any CPU
	EndGlobalSection
	GlobalSection(ProjectConfigurationPlatforms) = postSolution
		{65783802-41E3-4F4B-ACF0-B8DEB0D96F5B}.Debug|Any CPU.ActiveCfg = Debug|Any CPU
		{65783802-41E3-4F4B-ACF0-B8DEB0D96F5B}.Debug|Any CPU.Build.0 = Debug|Any CPU
		{65783802-41E3-4F4B-ACF0-B8DEB0D96F5B}.Release|Any CPU.ActiveCfg = Release|Any CPU
		{65783802-41E3-4F4B-ACF0-B8DEB0D96F5B}.Release|Any CPU.Build.0 = Release|Any CPU
	EndGlobalSection
	GlobalSection(SolutionProperties) = preSolution
		HideSolutionNode = FALSE
	EndGlobalSection
	GlobalSection(ExtensibilityGlobals) = postSolution
		SolutionGuid = {320B42B1-40CB-4DF4-85C7-4A9A699B55A6}
	EndGlobalSection
EndGlobal
